preprocess:
  cmd: python -m spacy run preprocess
  script:
    - mkdir corpus/CyNER/
    - spacy convert assets/CyNER/train.txt ./corpus/CyNER/ --file-type spacy --converter
      conll
  deps:
    - path: assets/CyNER/train.txt
      md5: 633268bc8d327747728e8cf1e81d8f78
  outs:
    - path: corpus/CyNER/train.spacy
      md5: a0d154a36255c7d2ce2989fcb4b005f4
  spacy_version: 3.5.0
  spacy_git_version: dec81508d
convert:
  cmd: python -m spacy run convert
  script:
    - mkdir -p corpus/CyNER/
    - spacy convert assets/CyNER/train.txt ./corpus/CyNER/ --file-type spacy --converter
      conll
    - spacy convert assets/CyNER/valid.txt ./corpus/CyNER/ --file-type spacy --converter
      conll
    - spacy convert assets/CyNER/test.txt ./corpus/CyNER/ --file-type spacy --converter
      conll
    - mv corpus/CyNER/valid.spacy corpus/CyNER/dev.spacy
  deps:
    - path: assets/CyNER/train.txt
      md5: 633268bc8d327747728e8cf1e81d8f78
    - path: assets/CyNER/valid.txt
      md5: e64857cc007b9f3a55d197e87e736b00
    - path: assets/CyNER/test.txt
      md5: cf4e79869abb80ec15c799ee9aaddfae
  outs:
    - path: corpus/CyNER/train.spacy
      md5: a0d154a36255c7d2ce2989fcb4b005f4
    - path: corpus/CyNER/dev.spacy
      md5: b6c30c03bc15d6e87b4713e0326eb476
    - path: corpus/CyNER/test.spacy
      md5: bb4c720a5029850e80638a1ad4de0161
  spacy_version: 3.5.0
  spacy_git_version: dec81508d
info:
  cmd: python -m spacy run info
  script:
    - spacy project document --output README.md
  deps: []
  outs:
    - path: README.md
      md5: 0ca5f6f2db8910f5e607e41989b0c3b4
  spacy_version: 3.5.0
  spacy_git_version: Unknown
initialize:
  cmd: python -m spacy run initialize
  script:
    - spacy init fill-config ./configs/classic_model_config.cfg ./configs/training_classic_model_config.cfg
    - spacy init fill-config ./configs/foundation_model_config.cfg ./configs/training_foundation_model_config.cfg
  deps:
    - path: ./configs/classic_model_config.cfg
      md5: 5bfa12fa3e0d88abe0ab87f1deb0f8c3
    - path: ./configs/foundation_model_config.cfg
      md5: 1dcdf0e7ef7439ce6ecbb95f9ee8b78b
  outs:
    - path: ./configs/training_classic_model_config.cfg
      md5: 55f8551ce6511fbbffae5b4d8425c683
    - path: ./configs/training_foundation_model_config.cfg
      md5: 5ceaf7884b24c7c3916df7cc80d6f528
  spacy_version: 3.5.0
  spacy_git_version: dec81508d
debug-data:
  cmd: python -m spacy run debug-data
  script:
    - spacy debug data ./configs/training_classic_model_config.cfg --verbose --paths.train
      ./corpus/CyNER/train.spacy --paths.dev ./corpus/CyNER/dev.spacy
  deps:
    - path: ./configs/training_classic_model_config.cfg
      md5: 55f8551ce6511fbbffae5b4d8425c683
    - path: ./corpus/CyNER/train.spacy
      md5: a0d154a36255c7d2ce2989fcb4b005f4
    - path: ./corpus/CyNER/dev.spacy
      md5: b6c30c03bc15d6e87b4713e0326eb476
  outs: []
  spacy_version: 3.5.0
  spacy_git_version: dec81508d
train:
  cmd: python -m spacy run train
  script:
    - spacy train ./configs/training_config.cfg --verbose --output ./models --paths.train
      ./corpus/CyNER/train.spacy --paths.dev ./corpus/CyNER/dev.spacy
  deps: []
  outs: []
  spacy_version: 3.5.0
  spacy_git_version: dec81508d
evaluate:
  cmd: python -m spacy run evaluate
  script:
    - spacy evaluate models/model-best corpus/CyNER/test.spacy
  deps: []
  outs: []
  spacy_version: 3.5.0
  spacy_git_version: dec81508d
debug-classic:
  cmd: python -m spacy run debug-classic
  script:
    - spacy debug data ./configs/training_classic_model_config.cfg --verbose --paths.train
      ./corpus/CyNER/train.spacy --paths.dev ./corpus/CyNER/dev.spacy
  deps:
    - path: ./configs/training_classic_model_config.cfg
      md5: 55f8551ce6511fbbffae5b4d8425c683
    - path: ./corpus/CyNER/train.spacy
      md5: a0d154a36255c7d2ce2989fcb4b005f4
    - path: ./corpus/CyNER/dev.spacy
      md5: b6c30c03bc15d6e87b4713e0326eb476
  outs: []
  spacy_version: 3.5.0
  spacy_git_version: dec81508d
debug-data-classic-model:
  cmd: python -m spacy run debug-data-classic-model
  script:
    - spacy debug data ./configs/training_classic_model_config.cfg --verbose --paths.train
      ./corpus/CyNER/train.spacy --paths.dev ./corpus/CyNER/dev.spacy
  deps:
    - path: ./configs/training_classic_model_config.cfg
      md5: 55f8551ce6511fbbffae5b4d8425c683
    - path: ./corpus/CyNER/train.spacy
      md5: a0d154a36255c7d2ce2989fcb4b005f4
    - path: ./corpus/CyNER/dev.spacy
      md5: b6c30c03bc15d6e87b4713e0326eb476
  outs: []
  spacy_version: 3.5.0
  spacy_git_version: Unknown
convert-assets:
  cmd: python -m spacy run convert-assets
  script:
    - mkdir -p corpus/CyNER/
    - spacy convert assets/CyNER/train.txt ./corpus/CyNER/ --file-type spacy --converter
      conll
    - spacy convert assets/CyNER/valid.txt ./corpus/CyNER/ --file-type spacy --converter
      conll
    - spacy convert assets/CyNER/test.txt ./corpus/CyNER/ --file-type spacy --converter
      conll
    - mv corpus/CyNER/valid.spacy corpus/CyNER/dev.spacy
  deps:
    - path: assets/CyNER/train.txt
      md5: 633268bc8d327747728e8cf1e81d8f78
    - path: assets/CyNER/valid.txt
      md5: e64857cc007b9f3a55d197e87e736b00
    - path: assets/CyNER/test.txt
      md5: cf4e79869abb80ec15c799ee9aaddfae
  outs:
    - path: corpus/CyNER/train.spacy
      md5: a0d154a36255c7d2ce2989fcb4b005f4
    - path: corpus/CyNER/dev.spacy
      md5: b6c30c03bc15d6e87b4713e0326eb476
    - path: corpus/CyNER/test.spacy
      md5: bb4c720a5029850e80638a1ad4de0161
  spacy_version: 3.5.0
  spacy_git_version: dec81508d
initialize-configurations:
  cmd: python -m spacy run initialize-configurations
  script:
    - spacy init fill-config ./configs/classic_model_config.cfg ./configs/training_classic_model_config.cfg
    - spacy init fill-config ./configs/foundation_model_config.cfg ./configs/training_foundation_model_config.cfg
  deps:
    - path: ./configs/classic_model_config.cfg
      md5: fd9823a920c242cc452a7f06729ae268
    - path: ./configs/foundation_model_config.cfg
      md5: 1dcdf0e7ef7439ce6ecbb95f9ee8b78b
  outs:
    - path: ./configs/training_classic_model_config.cfg
      md5: 55f8551ce6511fbbffae5b4d8425c683
    - path: ./configs/training_foundation_model_config.cfg
      md5: 5ceaf7884b24c7c3916df7cc80d6f528
  spacy_version: 3.5.0
  spacy_git_version: Unknown
brace-yourself-data-is-coming:
  cmd: python -m spacy run brace-yourself-data-is-coming
  script:
    - mkdir -p corpus/CyNER/
    - spacy convert assets/CyNER/train.txt ./corpus/CyNER/ --file-type spacy --converter
      conll
    - spacy convert assets/CyNER/valid.txt ./corpus/CyNER/ --file-type spacy --converter
      conll
    - spacy convert assets/CyNER/test.txt ./corpus/CyNER/ --file-type spacy --converter
      conll
    - mv corpus/CyNER/valid.spacy corpus/CyNER/dev.spacy
  deps:
    - path: assets/CyNER/train.txt
      md5: 633268bc8d327747728e8cf1e81d8f78
    - path: assets/CyNER/valid.txt
      md5: e64857cc007b9f3a55d197e87e736b00
    - path: assets/CyNER/test.txt
      md5: cf4e79869abb80ec15c799ee9aaddfae
  outs:
    - path: corpus/CyNER/train.spacy
      md5: a0d154a36255c7d2ce2989fcb4b005f4
    - path: corpus/CyNER/dev.spacy
      md5: b6c30c03bc15d6e87b4713e0326eb476
    - path: corpus/CyNER/test.spacy
      md5: bb4c720a5029850e80638a1ad4de0161
  spacy_version: 3.5.0
  spacy_git_version: Unknown
evaluate-classic-model:
  cmd: python -m spacy run evaluate-classic-model
  script:
    - spacy evaluate ./models/classic/model-best ./corpus/CyNER/test.spacy --gpu-id
      0
  deps:
    - path: ./models/classic/model-best
      md5: 7818947c7609c26f5d59caf29cbb6b56
    - path: ./corpus/CyNER/test.spacy
      md5: bb4c720a5029850e80638a1ad4de0161
  outs: []
  spacy_version: 3.5.0
  spacy_git_version: Unknown
debug-data-foundation-model:
  cmd: python -m spacy run debug-data-foundation-model
  script:
    - spacy debug data ./configs/training_foundation_model_config.cfg --verbose --paths.train
      ./corpus/CyNER/train.spacy --paths.dev ./corpus/CyNER/dev.spacy
  deps:
    - path: ./configs/training_foundation_model_config.cfg
      md5: 5ceaf7884b24c7c3916df7cc80d6f528
    - path: ./corpus/CyNER/train.spacy
      md5: a0d154a36255c7d2ce2989fcb4b005f4
    - path: ./corpus/CyNER/dev.spacy
      md5: b6c30c03bc15d6e87b4713e0326eb476
  outs: []
  spacy_version: 3.5.0
  spacy_git_version: Unknown
evaluate-foundation-model:
  cmd: python -m spacy run evaluate-foundation-model
  script:
    - spacy evaluate ./models/foundation/model-best ./corpus/CyNER/test.spacy --gpu-id
      0
  deps:
    - path: ./models/foundation/model-best
      md5: 33d383fe1e74bd8a2f32f0fff2fa19a2
    - path: ./corpus/CyNER/test.spacy
      md5: bb4c720a5029850e80638a1ad4de0161
  outs: []
  spacy_version: 3.5.0
  spacy_git_version: Unknown
train-classic-model:
  cmd: python -m spacy run train-classic-model
  script:
    - spacy train ./configs/training_classic_model_config.cfg --gpu-id 0 --verbose
      --output ./models/classic --paths.train ./corpus/CyNER/train.spacy --paths.dev
      ./corpus/CyNER/dev.spacy
  deps:
    - path: ./configs/training_classic_model_config.cfg
      md5: 55f8551ce6511fbbffae5b4d8425c683
    - path: ./corpus/CyNER/train.spacy
      md5: a0d154a36255c7d2ce2989fcb4b005f4
    - path: ./corpus/CyNER/dev.spacy
      md5: b6c30c03bc15d6e87b4713e0326eb476
  outs:
    - path: ./models/classic/model-best
      md5: 7818947c7609c26f5d59caf29cbb6b56
    - path: ./models/classic/model-last
      md5: 0f814cef8bccfde7fa9be06e0a2d95be
  spacy_version: 3.5.0
  spacy_git_version: Unknown
train-foundation-model:
  cmd: python -m spacy run train-foundation-model
  script:
    - spacy train ./configs/training_foundation_model_config.cfg --gpu-id 0 --verbose
      --output ./models/foundation --paths.train ./corpus/CyNER/train.spacy --paths.dev
      ./corpus/CyNER/dev.spacy
  deps:
    - path: ./configs/training_foundation_model_config.cfg
      md5: 5ceaf7884b24c7c3916df7cc80d6f528
    - path: ./corpus/CyNER/train.spacy
      md5: a0d154a36255c7d2ce2989fcb4b005f4
    - path: ./corpus/CyNER/dev.spacy
      md5: b6c30c03bc15d6e87b4713e0326eb476
  outs:
    - path: ./models/foundation/model-best
      md5: 33d383fe1e74bd8a2f32f0fff2fa19a2
    - path: ./models/foundation/model-last
      md5: 26d4fe7ff627bcddb28abd2994430028
  spacy_version: 3.5.0
  spacy_git_version: Unknown
